
Microsoft Visual Studio Solution File, Format Version 12.00
# Visual Studio 15
VisualStudioVersion = 15.0.27703.2000
MinimumVisualStudioVersion = 10.0.40219.1
Project("{FAE04EC0-301F-11D3-BF4B-00C04F79EFBC}") = "SQLScheduler", "SQLScheduler\SQLScheduler.csproj", "{2D77563A-97F1-4118-9338-63646F928236}"
EndProject
Project("{54435603-DBB4-11D2-8724-00A0C9A8B90C}") = "Setup", "Setup\Setup.vdproj", "{F9AE0602-FD56-4123-A2E0-8F063800AD4D}"
EndProject
Global
	GlobalSection(SolutionConfigurationPlatforms) = preSolution
		Debug|Any CPU = Debug|Any CPU
		Release|Any CPU = Release|Any CPU
	EndGlobalSection
	GlobalSection(ProjectConfigurationPlatforms) = postSolution
		{2D77563A-97F1-4118-9338-63646F928236}.Debug|Any CPU.ActiveCfg = Debug|Any CPU
		{2D77563A-97F1-4118-9338-63646F928236}.Debug|Any CPU.Build.0 = Debug|Any CPU
		{2D77563A-97F1-4118-9338-63646F928236}.Release|Any CPU.ActiveCfg = Release|Any CPU
		{2D77563A-97F1-4118-9338-63646F928236}.Release|Any CPU.Build.0 = Release|Any CPU
		{F9AE0602-FD56-4123-A2E0-8F063800AD4D}.Debug|Any CPU.ActiveCfg = Debug
		{F9AE0602-FD56-4123-A2E0-8F063800AD4D}.Release|Any CPU.ActiveCfg = Release
		{F9AE0602-FD56-4123-A2E0-8F063800AD4D}.Release|Any CPU.Build.0 = Release
	EndGlobalSection
	GlobalSection(SolutionProperties) = preSolution
		HideSolutionNode = FALSE
	EndGlobalSection
	GlobalSection(ExtensibilityGlobals) = postSolution
		SolutionGuid = {D7FEC98D-1993-4EC2-99F7-CED4C257574B}
	EndGlobalSection
EndGlobal
